
Microsoft Visual Studio Solution File, Format Version 12.00
# Visual Studio Version 17
VisualStudioVersion = 17.3.32901.215
MinimumVisualStudioVersion = 10.0.40219.1
Project("{8BC9CEB8-8B4A-11D0-8D11-00A0C91BC942}") = "lab_5.1", "lab_5.1\lab_5.1.vcxproj", "{7B93C97D-69BD-4F59-876A-8433D307CE87}"
EndProject
Project("{8BC9CEB8-8B4A-11D0-8D11-00A0C91BC942}") = "UnitTest1", "UnitTest1\UnitTest1.vcxproj", "{B9BB8159-A6AE-4724-AA1E-E1E38956B8CE}"
EndProject
Global
	GlobalSection(SolutionConfigurationPlatforms) = preSolution
		Debug|x64 = Debug|x64
		Debug|x86 = Debug|x86
		Release|x64 = Release|x64
		Release|x86 = Release|x86
	EndGlobalSection
	GlobalSection(ProjectConfigurationPlatforms) = postSolution
		{7B93C97D-69BD-4F59-876A-8433D307CE87}.Debug|x64.ActiveCfg = Debug|x64
		{7B93C97D-69BD-4F59-876A-8433D307CE87}.Debug|x64.Build.0 = Debug|x64
		{7B93C97D-69BD-4F59-876A-8433D307CE87}.Debug|x86.ActiveCfg = Debug|Win32
		{7B93C97D-69BD-4F59-876A-8433D307CE87}.Debug|x86.Build.0 = Debug|Win32
		{7B93C97D-69BD-4F59-876A-8433D307CE87}.Release|x64.ActiveCfg = Release|x64
		{7B93C97D-69BD-4F59-876A-8433D307CE87}.Release|x64.Build.0 = Release|x64
		{7B93C97D-69BD-4F59-876A-8433D307CE87}.Release|x86.ActiveCfg = Release|Win32
		{7B93C97D-69BD-4F59-876A-8433D307CE87}.Release|x86.Build.0 = Release|Win32
		{B9BB8159-A6AE-4724-AA1E-E1E38956B8CE}.Debug|x64.ActiveCfg = Debug|x64
		{B9BB8159-A6AE-4724-AA1E-E1E38956B8CE}.Debug|x64.Build.0 = Debug|x64
		{B9BB8159-A6AE-4724-AA1E-E1E38956B8CE}.Debug|x86.ActiveCfg = Debug|Win32
		{B9BB8159-A6AE-4724-AA1E-E1E38956B8CE}.Debug|x86.Build.0 = Debug|Win32
		{B9BB8159-A6AE-4724-AA1E-E1E38956B8CE}.Release|x64.ActiveCfg = Release|x64
		{B9BB8159-A6AE-4724-AA1E-E1E38956B8CE}.Release|x64.Build.0 = Release|x64
		{B9BB8159-A6AE-4724-AA1E-E1E38956B8CE}.Release|x86.ActiveCfg = Release|Win32
		{B9BB8159-A6AE-4724-AA1E-E1E38956B8CE}.Release|x86.Build.0 = Release|Win32
	EndGlobalSection
	GlobalSection(SolutionProperties) = preSolution
		HideSolutionNode = FALSE
	EndGlobalSection
	GlobalSection(ExtensibilityGlobals) = postSolution
		SolutionGuid = {50F6FED8-EE79-420E-A8FD-0F2AD073B550}
	EndGlobalSection
EndGlobal
